[{<<"ebloom">>,
  {git,"https://github.com/basho/ebloom.git",
       {ref,"0a176b5b41cd418adeaa3747c8138e0e7da0adc7"}},
  0},
 {<<"goldrush">>,
  {git,"https://github.com/basho/goldrush.git",
       {ref,"8f1b715d36b650ec1e1f5612c00e28af6ab0de82"}},
  1},
 {<<"lager">>,
  {git,"https://github.com/basho/lager.git",
       {ref,"81eaef0ce98fdbf64ab95665e3bc2ec4b24c7dac"}},
  0},
 {<<"lz4">>,
  {git,"https://github.com/krestenkrab/erlang-lz4.git",
       {ref,"5fd90ca1e2345bdc359ee43d958da87fafb4fd78"}},
  0},
 {<<"plain_fsm">>,
  {git,"https://github.com/gburd/plain_fsm.git",
       {ref,"1de45fba4caccbc76df0b109e7581d0fc6a2e67b"}},
  0},
 {<<"sext">>,
  {git,"https://github.com/uwiger/sext.git",
       {ref,"c22486add9cc374dc8138b1f547c0999a1922a65"}},
  0},
 {<<"snappy">>,
  {git,"https://github.com/fdmanana/snappy-erlang-nif.git",
       {ref,"ceaceb4d964b33489ab76e2a281bec31a0e84e51"}},
  0},
 {<<"triq">>,
  {git,"https://github.com/krestenkrab/triq.git",
       {ref,"c7306b8eaea133d52140cb828817efb5e50a3d52"}},
  0}].
